<?xml version="1.0" encoding="utf-8"?>
<Project ToolsVersion="4.0" xmlns="http://schemas.microsoft.com/developer/msbuild/2003">
  <ItemGroup>
    <Filter Include="Source Files">
      <UniqueIdentifier>{4FC737F1-C7A5-4376-A066-2A32D752A2FF}</UniqueIdentifier>
      <Extensions>cpp;c;cc;cxx;def;odl;idl;hpj;bat;asm;asmx</Extensions>
    </Filter>
    <Filter Include="Source Files\Containers">
      <UniqueIdentifier>{067b49f6-b58b-4cdc-8dd5-4193a6fa62fd}</UniqueIdentifier>
    </Filter>
    <Filter Include="Source Files\Math">
      <UniqueIdentifier>{cf19809f-bf09-4f32-b850-b8e1a0c19f84}</UniqueIdentifier>
    </Filter>
  </ItemGroup>
  <ItemGroup>
    <ClCompile Include="Log.cpp">
      <Filter>Source Files</Filter>
    </ClCompile>
    <ClCompile Include="Perlin.cpp">
      <Filter>Source Files</Filter>
    </ClCompile>
    <ClCompile Include="Platform.cpp">
      <Filter>Source Files</Filter>
    </ClCompile>
    <ClCompile Include="Tga.cpp">
      <Filter>Source Files</Filter>
    </ClCompile>
    <ClCompile Include="ThreadGroup.cpp">
      <Filter>Source Files</Filter>
    </ClCompile>
    <ClCompile Include="Threading.cpp">
      <Filter>Source Files</Filter>
    </ClCompile>
    <ClCompile Include="HashGrid.cpp">
      <Filter>Source Files\Containers</Filter>
    </ClCompile>
    <ClCompile Include="Core.cpp">
      <Filter>Source Files</Filter>
    </ClCompile>
    <ClCompile Include="Png.cpp">
      <Filter>Source Files</Filter>
    </ClCompile>
    <ClCompile Include="Mesh.cpp">
      <Filter>Source Files</Filter>
    </ClCompile>
    <ClCompile Include="Pfm.cpp">
      <Filter>Source Files</Filter>
    </ClCompile>
    <ClCompile Include="Shader.cpp">
      <Filter>Source Files</Filter>
    </ClCompile>
    <ClCompile Include="skylight.cpp">
      <Filter>Source Files</Filter>
    </ClCompile>
    <ClCompile Include="aabbtree.cpp">
      <Filter>Source Files</Filter>
    </ClCompile>
    <ClCompile Include="voxelize.cpp">
      <Filter>Source Files</Filter>
    </ClCompile>
    <ClCompile Include="sdf.cpp">
      <Filter>Source Files</Filter>
    </ClCompile>
    <ClCompile Include="maths.cpp">
      <Filter>Source Files</Filter>
    </ClCompile>
  </ItemGroup>
  <ItemGroup>
    <ClInclude Include="Core.h">
      <Filter>Source Files</Filter>
    </ClInclude>
    <ClInclude Include="Log.h">
      <Filter>Source Files</Filter>
    </ClInclude>
    <ClInclude Include="Perlin.h">
      <Filter>Source Files</Filter>
    </ClInclude>
    <ClInclude Include="Platform.h">
      <Filter>Source Files</Filter>
    </ClInclude>
    <ClInclude Include="Point3.h">
      <Filter>Source Files\Math</Filter>
    </ClInclude>
    <ClInclude Include="Tga.h">
      <Filter>Source Files</Filter>
    </ClInclude>
    <ClInclude Include="ThreadGroup.h">
      <Filter>Source Files</Filter>
    </ClInclude>
    <ClInclude Include="Threading.h">
      <Filter>Source Files</Filter>
    </ClInclude>
    <ClInclude Include="ThreadingLinux.h">
      <Filter>Source Files</Filter>
    </ClInclude>
    <ClInclude Include="ThreadingWin32.h">
      <Filter>Source Files</Filter>
    </ClInclude>
    <ClInclude Include="Types.h">
      <Filter>Source Files</Filter>
    </ClInclude>
    <ClInclude Include="Vec2.h">
      <Filter>Source Files\Math</Filter>
    </ClInclude>
    <ClInclude Include="Vec3.h">
      <Filter>Source Files\Math</Filter>
    </ClInclude>
    <ClInclude Include="Vec4.h">
      <Filter>Source Files\Math</Filter>
    </ClInclude>
    <ClInclude Include="HashGrid.h">
      <Filter>Source Files\Containers</Filter>
    </ClInclude>
    <ClInclude Include="Png.h">
      <Filter>Source Files</Filter>
    </ClInclude>
    <ClInclude Include="Mesh.h">
      <Filter>Source Files</Filter>
    </ClInclude>
    <ClInclude Include="Pfm.h">
      <Filter>Source Files</Filter>
    </ClInclude>
    <ClInclude Include="Shader.h">
      <Filter>Source Files</Filter>
    </ClInclude>
    <ClInclude Include="Mat22.h">
      <Filter>Source Files\Math</Filter>
    </ClInclude>
    <ClInclude Include="skylight.h">
      <Filter>Source Files</Filter>
    </ClInclude>
    <ClInclude Include="aabbtree.h">
      <Filter>Source Files</Filter>
    </ClInclude>
    <ClInclude Include="mat44.h">
      <Filter>Source Files\Math</Filter>
    </ClInclude>
    <ClInclude Include="mat33.h">
      <Filter>Source Files\Math</Filter>
    </ClInclude>
    <ClInclude Include="voxelize.h">
      <Filter>Source Files</Filter>
    </ClInclude>
    <ClInclude Include="sdf.h">
      <Filter>Source Files</Filter>
    </ClInclude>
    <ClInclude Include="maths.h">
      <Filter>Source Files</Filter>
    </ClInclude>
  </ItemGroup>
</Project>